
Microsoft Visual Studio Solution File, Format Version 12.00
# Visual Studio Version 17
VisualStudioVersion = 17.3.32519.111
MinimumVisualStudioVersion = 10.0.40219.1
Project("{9A19103F-16F7-4668-BE54-9A1E7A4F7556}") = "Application", "src\Application\Application.csproj", "{AAA6231E-0F68-4542-A8B4-EED8E836B1D3}"
EndProject
Project("{2150E333-8FDC-42A3-9474-1A3956D46DE8}") = "src", "src", "{24406D26-9685-46FC-9C72-D6B9BB5E366E}"
EndProject
Project("{9A19103F-16F7-4668-BE54-9A1E7A4F7556}") = "Domain", "src\Domain\Domain.csproj", "{F57107A2-1FD4-446E-A6C4-0D00EA3B3150}"
EndProject
Project("{9A19103F-16F7-4668-BE54-9A1E7A4F7556}") = "Infrastructure", "src\Infrastructure\Infrastructure.csproj", "{5156E18E-0C32-460B-9C31-BA550B775814}"
EndProject
Project("{9A19103F-16F7-4668-BE54-9A1E7A4F7556}") = "PersonalManagment.Api", "src\PersonalManagment.Api\PersonalManagment.Api.csproj", "{91C06C98-295C-49FD-8A28-7A5F3386E732}"
EndProject
Project("{9A19103F-16F7-4668-BE54-9A1E7A4F7556}") = "Domain.UnitTests", "tests\Domain.UnitTests\Domain.UnitTests.csproj", "{01806145-B608-4BB6-900B-FC1479C52FC2}"
EndProject
Project("{9A19103F-16F7-4668-BE54-9A1E7A4F7556}") = "Application.UnitTests", "tests\Application.UnitTests\Application.UnitTests.csproj", "{BC0E107E-6313-4513-BA46-D3BD7ECF2442}"
EndProject
Project("{2150E333-8FDC-42A3-9474-1A3956D46DE8}") = "test", "test", "{C7FF270E-35CE-48FC-8EB7-FAF4F66833E5}"
EndProject
Project("{FAE04EC0-301F-11D3-BF4B-00C04F79EFBC}") = "Presentation", "src\Presentation\Presentation.csproj", "{87423564-E852-4DBB-AF98-AE35A092CE70}"
EndProject
Global
	GlobalSection(SolutionConfigurationPlatforms) = preSolution
		Debug|Any CPU = Debug|Any CPU
		Release|Any CPU = Release|Any CPU
	EndGlobalSection
	GlobalSection(ProjectConfigurationPlatforms) = postSolution
		{AAA6231E-0F68-4542-A8B4-EED8E836B1D3}.Debug|Any CPU.ActiveCfg = Debug|Any CPU
		{AAA6231E-0F68-4542-A8B4-EED8E836B1D3}.Debug|Any CPU.Build.0 = Debug|Any CPU
		{AAA6231E-0F68-4542-A8B4-EED8E836B1D3}.Release|Any CPU.ActiveCfg = Release|Any CPU
		{AAA6231E-0F68-4542-A8B4-EED8E836B1D3}.Release|Any CPU.Build.0 = Release|Any CPU
		{F57107A2-1FD4-446E-A6C4-0D00EA3B3150}.Debug|Any CPU.ActiveCfg = Debug|Any CPU
		{F57107A2-1FD4-446E-A6C4-0D00EA3B3150}.Debug|Any CPU.Build.0 = Debug|Any CPU
		{F57107A2-1FD4-446E-A6C4-0D00EA3B3150}.Release|Any CPU.ActiveCfg = Release|Any CPU
		{F57107A2-1FD4-446E-A6C4-0D00EA3B3150}.Release|Any CPU.Build.0 = Release|Any CPU
		{5156E18E-0C32-460B-9C31-BA550B775814}.Debug|Any CPU.ActiveCfg = Debug|Any CPU
		{5156E18E-0C32-460B-9C31-BA550B775814}.Debug|Any CPU.Build.0 = Debug|Any CPU
		{5156E18E-0C32-460B-9C31-BA550B775814}.Release|Any CPU.ActiveCfg = Release|Any CPU
		{5156E18E-0C32-460B-9C31-BA550B775814}.Release|Any CPU.Build.0 = Release|Any CPU
		{91C06C98-295C-49FD-8A28-7A5F3386E732}.Debug|Any CPU.ActiveCfg = Debug|Any CPU
		{91C06C98-295C-49FD-8A28-7A5F3386E732}.Debug|Any CPU.Build.0 = Debug|Any CPU
		{91C06C98-295C-49FD-8A28-7A5F3386E732}.Release|Any CPU.ActiveCfg = Release|Any CPU
		{91C06C98-295C-49FD-8A28-7A5F3386E732}.Release|Any CPU.Build.0 = Release|Any CPU
		{01806145-B608-4BB6-900B-FC1479C52FC2}.Debug|Any CPU.ActiveCfg = Debug|Any CPU
		{01806145-B608-4BB6-900B-FC1479C52FC2}.Debug|Any CPU.Build.0 = Debug|Any CPU
		{01806145-B608-4BB6-900B-FC1479C52FC2}.Release|Any CPU.ActiveCfg = Release|Any CPU
		{01806145-B608-4BB6-900B-FC1479C52FC2}.Release|Any CPU.Build.0 = Release|Any CPU
		{BC0E107E-6313-4513-BA46-D3BD7ECF2442}.Debug|Any CPU.ActiveCfg = Debug|Any CPU
		{BC0E107E-6313-4513-BA46-D3BD7ECF2442}.Debug|Any CPU.Build.0 = Debug|Any CPU
		{BC0E107E-6313-4513-BA46-D3BD7ECF2442}.Release|Any CPU.ActiveCfg = Release|Any CPU
		{BC0E107E-6313-4513-BA46-D3BD7ECF2442}.Release|Any CPU.Build.0 = Release|Any CPU
		{87423564-E852-4DBB-AF98-AE35A092CE70}.Debug|Any CPU.ActiveCfg = Debug|Any CPU
		{87423564-E852-4DBB-AF98-AE35A092CE70}.Debug|Any CPU.Build.0 = Debug|Any CPU
		{87423564-E852-4DBB-AF98-AE35A092CE70}.Release|Any CPU.ActiveCfg = Release|Any CPU
		{87423564-E852-4DBB-AF98-AE35A092CE70}.Release|Any CPU.Build.0 = Release|Any CPU
	EndGlobalSection
	GlobalSection(SolutionProperties) = preSolution
		HideSolutionNode = FALSE
	EndGlobalSection
	GlobalSection(NestedProjects) = preSolution
		{AAA6231E-0F68-4542-A8B4-EED8E836B1D3} = {24406D26-9685-46FC-9C72-D6B9BB5E366E}
		{F57107A2-1FD4-446E-A6C4-0D00EA3B3150} = {24406D26-9685-46FC-9C72-D6B9BB5E366E}
		{5156E18E-0C32-460B-9C31-BA550B775814} = {24406D26-9685-46FC-9C72-D6B9BB5E366E}
		{91C06C98-295C-49FD-8A28-7A5F3386E732} = {24406D26-9685-46FC-9C72-D6B9BB5E366E}
		{01806145-B608-4BB6-900B-FC1479C52FC2} = {C7FF270E-35CE-48FC-8EB7-FAF4F66833E5}
		{BC0E107E-6313-4513-BA46-D3BD7ECF2442} = {C7FF270E-35CE-48FC-8EB7-FAF4F66833E5}
		{87423564-E852-4DBB-AF98-AE35A092CE70} = {24406D26-9685-46FC-9C72-D6B9BB5E366E}
	EndGlobalSection
	GlobalSection(ExtensibilityGlobals) = postSolution
		SolutionGuid = {4C30E4F8-B424-410A-A00D-5DA6EB0510A8}
	EndGlobalSection
EndGlobal
